
Microsoft Visual Studio Solution File, Format Version 12.00
# Visual Studio Version 16
VisualStudioVersion = 16.0.31129.286
MinimumVisualStudioVersion = 10.0.40219.1
Project("{FAE04EC0-301F-11D3-BF4B-00C04F79EFBC}") = "SignalRCoreExample", "SignalRCoreExample.csproj", "{616B5785-2E47-415B-9126-31138BFB06B9}"
EndProject
Global
	GlobalSection(SolutionConfigurationPlatforms) = preSolution
		Debug|Any CPU = Debug|Any CPU
		Release|Any CPU = Release|Any CPU
	EndGlobalSection
	GlobalSection(ProjectConfigurationPlatforms) = postSolution
		{616B5785-2E47-415B-9126-31138BFB06B9}.Debug|Any CPU.ActiveCfg = Debug|Any CPU
		{616B5785-2E47-415B-9126-31138BFB06B9}.Debug|Any CPU.Build.0 = Debug|Any CPU
		{616B5785-2E47-415B-9126-31138BFB06B9}.Release|Any CPU.ActiveCfg = Release|Any CPU
		{616B5785-2E47-415B-9126-31138BFB06B9}.Release|Any CPU.Build.0 = Release|Any CPU
	EndGlobalSection
	GlobalSection(SolutionProperties) = preSolution
		HideSolutionNode = FALSE
	EndGlobalSection
	GlobalSection(ExtensibilityGlobals) = postSolution
		SolutionGuid = {36509631-0171-4DF4-B384-6098B7F68A8C}
	EndGlobalSection
EndGlobal
